// !$*UTF8*$!
{
	archiveVersion = 1;
	classes = {
	};
	objectVersion = 55;
	objects = {

/* Begin PBXBuildFile section */
		FC2BEA59271711C800AAF38B /* ihtisap_iosApp.swift in Sources */ = {isa = PBXBuildFile; fileRef = FC2BEA58271711C800AAF38B /* ihtisap_iosApp.swift */; };
		FC2BEA5B271711C800AAF38B /* ContentView.swift in Sources */ = {isa = PBXBuildFile; fileRef = FC2BEA5A271711C800AAF38B /* ContentView.swift */; };
		FC2BEA5D271711CA00AAF38B /* Assets.xcassets in Resources */ = {isa = PBXBuildFile; fileRef = FC2BEA5C271711CA00AAF38B /* Assets.xcassets */; };
		FC2BEA60271711CA00AAF38B /* Preview Assets.xcassets in Resources */ = {isa = PBXBuildFile; fileRef = FC2BEA5F271711CA00AAF38B /* Preview Assets.xcassets */; };
		FC2BEA6E2717128C00AAF38B /* DateFormatter+Ext.swift in Sources */ = {isa = PBXBuildFile; fileRef = FC2BEA6D2717128C00AAF38B /* DateFormatter+Ext.swift */; };
		FC2BEA702717129200AAF38B /* Color+Ext.swift in Sources */ = {isa = PBXBuildFile; fileRef = FC2BEA6F2717129200AAF38B /* Color+Ext.swift */; };
		FC2BEA722717129900AAF38B /* String+Ext.swift in Sources */ = {isa = PBXBuildFile; fileRef = FC2BEA712717129900AAF38B /* String+Ext.swift */; };
		FC2BEA742717132200AAF38B /* APIService.swift in Sources */ = {isa = PBXBuildFile; fileRef = FC2BEA732717132200AAF38B /* APIService.swift */; };
		FC2BEA762717134100AAF38B /* APIError.swift in Sources */ = {isa = PBXBuildFile; fileRef = FC2BEA752717134100AAF38B /* APIError.swift */; };
		FC2BEA782717136800AAF38B /* User.swift in Sources */ = {isa = PBXBuildFile; fileRef = FC2BEA772717136800AAF38B /* User.swift */; };
		FC2BEA7A2717136E00AAF38B /* Account.swift in Sources */ = {isa = PBXBuildFile; fileRef = FC2BEA792717136E00AAF38B /* Account.swift */; };
		FC2BEA7C2717137400AAF38B /* Transaction.swift in Sources */ = {isa = PBXBuildFile; fileRef = FC2BEA7B2717137400AAF38B /* Transaction.swift */; };
		FC2BEA7E2717137B00AAF38B /* Statistic.swift in Sources */ = {isa = PBXBuildFile; fileRef = FC2BEA7D2717137B00AAF38B /* Statistic.swift */; };
		FC2BEA802717152200AAF38B /* UserStore.swift in Sources */ = {isa = PBXBuildFile; fileRef = FC2BEA7F2717152200AAF38B /* UserStore.swift */; };
		FC2BEA822717177400AAF38B /* UserAPIService.swift in Sources */ = {isa = PBXBuildFile; fileRef = FC2BEA812717177400AAF38B /* UserAPIService.swift */; };
		FC2BEA8427171A0500AAF38B /* AppLoading.swift in Sources */ = {isa = PBXBuildFile; fileRef = FC2BEA8327171A0500AAF38B /* AppLoading.swift */; };
		FC2BEA8627171A1F00AAF38B /* AuthView.swift in Sources */ = {isa = PBXBuildFile; fileRef = FC2BEA8527171A1F00AAF38B /* AuthView.swift */; };
		FC2BEA8827171A3900AAF38B /* TabView.swift in Sources */ = {isa = PBXBuildFile; fileRef = FC2BEA8727171A3900AAF38B /* TabView.swift */; };
		FC2BEA9427171E3500AAF38B /* AuthLoginView.swift in Sources */ = {isa = PBXBuildFile; fileRef = FC2BEA9327171E3500AAF38B /* AuthLoginView.swift */; };
		FC2BEA9627171E3B00AAF38B /* AuthRegisterView.swift in Sources */ = {isa = PBXBuildFile; fileRef = FC2BEA9527171E3B00AAF38B /* AuthRegisterView.swift */; };
		FC2BEA9827171E4200AAF38B /* AuthHomeView.swift in Sources */ = {isa = PBXBuildFile; fileRef = FC2BEA9727171E4200AAF38B /* AuthHomeView.swift */; };
		FC2BEA9A27171EA100AAF38B /* AppButtonPrimary.swift in Sources */ = {isa = PBXBuildFile; fileRef = FC2BEA9927171EA100AAF38B /* AppButtonPrimary.swift */; };
		FC2BEA9C27171EAB00AAF38B /* AppButtonSecondary.swift in Sources */ = {isa = PBXBuildFile; fileRef = FC2BEA9B27171EAB00AAF38B /* AppButtonSecondary.swift */; };
		FC2BEA9E271725B800AAF38B /* AppTextFieldBase.swift in Sources */ = {isa = PBXBuildFile; fileRef = FC2BEA9D271725B800AAF38B /* AppTextFieldBase.swift */; };
		FC2BEAA027172C8B00AAF38B /* AuthLoginViewModel.swift in Sources */ = {isa = PBXBuildFile; fileRef = FC2BEA9F27172C8B00AAF38B /* AuthLoginViewModel.swift */; };
		FC2BEAA227172C9500AAF38B /* AuthRegisterViewModel.swift in Sources */ = {isa = PBXBuildFile; fileRef = FC2BEAA127172C9500AAF38B /* AuthRegisterViewModel.swift */; };
/* End PBXBuildFile section */

/* Begin PBXFileReference section */
		FC2BEA55271711C800AAF38B /* ihtisap-ios.app */ = {isa = PBXFileReference; explicitFileType = wrapper.application; includeInIndex = 0; path = "ihtisap-ios.app"; sourceTree = BUILT_PRODUCTS_DIR; };
		FC2BEA58271711C800AAF38B /* ihtisap_iosApp.swift */ = {isa = PBXFileReference; lastKnownFileType = sourcecode.swift; path = ihtisap_iosApp.swift; sourceTree = "<group>"; };
		FC2BEA5A271711C800AAF38B /* ContentView.swift */ = {isa = PBXFileReference; lastKnownFileType = sourcecode.swift; path = ContentView.swift; sourceTree = "<group>"; };
		FC2BEA5C271711CA00AAF38B /* Assets.xcassets */ = {isa = PBXFileReference; lastKnownFileType = folder.assetcatalog; path = Assets.xcassets; sourceTree = "<group>"; };
		FC2BEA5F271711CA00AAF38B /* Preview Assets.xcassets */ = {isa = PBXFileReference; lastKnownFileType = folder.assetcatalog; path = "Preview Assets.xcassets"; sourceTree = "<group>"; };
		FC2BEA6D2717128C00AAF38B /* DateFormatter+Ext.swift */ = {isa = PBXFileReference; lastKnownFileType = sourcecode.swift; path = "DateFormatter+Ext.swift"; sourceTree = "<group>"; };
		FC2BEA6F2717129200AAF38B /* Color+Ext.swift */ = {isa = PBXFileReference; lastKnownFileType = sourcecode.swift; path = "Color+Ext.swift"; sourceTree = "<group>"; };
		FC2BEA712717129900AAF38B /* String+Ext.swift */ = {isa = PBXFileReference; lastKnownFileType = sourcecode.swift; path = "String+Ext.swift"; sourceTree = "<group>"; };
		FC2BEA732717132200AAF38B /* APIService.swift */ = {isa = PBXFileReference; lastKnownFileType = sourcecode.swift; path = APIService.swift; sourceTree = "<group>"; };
		FC2BEA752717134100AAF38B /* APIError.swift */ = {isa = PBXFileReference; lastKnownFileType = sourcecode.swift; path = APIError.swift; sourceTree = "<group>"; };
		FC2BEA772717136800AAF38B /* User.swift */ = {isa = PBXFileReference; lastKnownFileType = sourcecode.swift; path = User.swift; sourceTree = "<group>"; };
		FC2BEA792717136E00AAF38B /* Account.swift */ = {isa = PBXFileReference; lastKnownFileType = sourcecode.swift; path = Account.swift; sourceTree = "<group>"; };
		FC2BEA7B2717137400AAF38B /* Transaction.swift */ = {isa = PBXFileReference; lastKnownFileType = sourcecode.swift; path = Transaction.swift; sourceTree = "<group>"; };
		FC2BEA7D2717137B00AAF38B /* Statistic.swift */ = {isa = PBXFileReference; lastKnownFileType = sourcecode.swift; path = Statistic.swift; sourceTree = "<group>"; };
		FC2BEA7F2717152200AAF38B /* UserStore.swift */ = {isa = PBXFileReference; lastKnownFileType = sourcecode.swift; path = UserStore.swift; sourceTree = "<group>"; };
		FC2BEA812717177400AAF38B /* UserAPIService.swift */ = {isa = PBXFileReference; lastKnownFileType = sourcecode.swift; path = UserAPIService.swift; sourceTree = "<group>"; };
		FC2BEA8327171A0500AAF38B /* AppLoading.swift */ = {isa = PBXFileReference; lastKnownFileType = sourcecode.swift; path = AppLoading.swift; sourceTree = "<group>"; };
		FC2BEA8527171A1F00AAF38B /* AuthView.swift */ = {isa = PBXFileReference; lastKnownFileType = sourcecode.swift; path = AuthView.swift; sourceTree = "<group>"; };
		FC2BEA8727171A3900AAF38B /* TabView.swift */ = {isa = PBXFileReference; lastKnownFileType = sourcecode.swift; path = TabView.swift; sourceTree = "<group>"; };
		FC2BEA9327171E3500AAF38B /* AuthLoginView.swift */ = {isa = PBXFileReference; lastKnownFileType = sourcecode.swift; path = AuthLoginView.swift; sourceTree = "<group>"; };
		FC2BEA9527171E3B00AAF38B /* AuthRegisterView.swift */ = {isa = PBXFileReference; lastKnownFileType = sourcecode.swift; path = AuthRegisterView.swift; sourceTree = "<group>"; };
		FC2BEA9727171E4200AAF38B /* AuthHomeView.swift */ = {isa = PBXFileReference; lastKnownFileType = sourcecode.swift; path = AuthHomeView.swift; sourceTree = "<group>"; };
		FC2BEA9927171EA100AAF38B /* AppButtonPrimary.swift */ = {isa = PBXFileReference; lastKnownFileType = sourcecode.swift; path = AppButtonPrimary.swift; sourceTree = "<group>"; };
		FC2BEA9B27171EAB00AAF38B /* AppButtonSecondary.swift */ = {isa = PBXFileReference; lastKnownFileType = sourcecode.swift; path = AppButtonSecondary.swift; sourceTree = "<group>"; };
		FC2BEA9D271725B800AAF38B /* AppTextFieldBase.swift */ = {isa = PBXFileReference; lastKnownFileType = sourcecode.swift; path = AppTextFieldBase.swift; sourceTree = "<group>"; };
		FC2BEA9F27172C8B00AAF38B /* AuthLoginViewModel.swift */ = {isa = PBXFileReference; lastKnownFileType = sourcecode.swift; path = AuthLoginViewModel.swift; sourceTree = "<group>"; };
		FC2BEAA127172C9500AAF38B /* AuthRegisterViewModel.swift */ = {isa = PBXFileReference; lastKnownFileType = sourcecode.swift; path = AuthRegisterViewModel.swift; sourceTree = "<group>"; };
/* End PBXFileReference section */

/* Begin PBXFrameworksBuildPhase section */
		FC2BEA52271711C800AAF38B /* Frameworks */ = {
			isa = PBXFrameworksBuildPhase;
			buildActionMask = 2147483647;
			files = (
			);
			runOnlyForDeploymentPostprocessing = 0;
		};
/* End PBXFrameworksBuildPhase section */

/* Begin PBXGroup section */
		FC2BEA4C271711C800AAF38B = {
			isa = PBXGroup;
			children = (
				FC2BEA57271711C800AAF38B /* ihtisap-ios */,
				FC2BEA56271711C800AAF38B /* Products */,
			);
			sourceTree = "<group>";
		};
		FC2BEA56271711C800AAF38B /* Products */ = {
			isa = PBXGroup;
			children = (
				FC2BEA55271711C800AAF38B /* ihtisap-ios.app */,
			);
			name = Products;
			sourceTree = "<group>";
		};
		FC2BEA57271711C800AAF38B /* ihtisap-ios */ = {
			isa = PBXGroup;
			children = (
				FC2BEA8E27171BC300AAF38B /* utils */,
				FC2BEA6C2717124900AAF38B /* views */,
				FC2BEA692717122000AAF38B /* stores */,
				FC2BEA682717121A00AAF38B /* models */,
				FC2BEA58271711C800AAF38B /* ihtisap_iosApp.swift */,
				FC2BEA5A271711C800AAF38B /* ContentView.swift */,
				FC2BEA5C271711CA00AAF38B /* Assets.xcassets */,
				FC2BEA5E271711CA00AAF38B /* Preview Content */,
			);
			path = "ihtisap-ios";
			sourceTree = "<group>";
		};
		FC2BEA5E271711CA00AAF38B /* Preview Content */ = {
			isa = PBXGroup;
			children = (
				FC2BEA5F271711CA00AAF38B /* Preview Assets.xcassets */,
			);
			path = "Preview Content";
			sourceTree = "<group>";
		};
		FC2BEA662717120900AAF38B /* extensions */ = {
			isa = PBXGroup;
			children = (
				FC2BEA6D2717128C00AAF38B /* DateFormatter+Ext.swift */,
				FC2BEA6F2717129200AAF38B /* Color+Ext.swift */,
				FC2BEA712717129900AAF38B /* String+Ext.swift */,
			);
			path = extensions;
			sourceTree = "<group>";
		};
		FC2BEA672717121000AAF38B /* networking */ = {
			isa = PBXGroup;
			children = (
				FC2BEA732717132200AAF38B /* APIService.swift */,
				FC2BEA752717134100AAF38B /* APIError.swift */,
				FC2BEA812717177400AAF38B /* UserAPIService.swift */,
			);
			path = networking;
			sourceTree = "<group>";
		};
		FC2BEA682717121A00AAF38B /* models */ = {
			isa = PBXGroup;
			children = (
				FC2BEA772717136800AAF38B /* User.swift */,
				FC2BEA792717136E00AAF38B /* Account.swift */,
				FC2BEA7B2717137400AAF38B /* Transaction.swift */,
				FC2BEA7D2717137B00AAF38B /* Statistic.swift */,
			);
			path = models;
			sourceTree = "<group>";
		};
		FC2BEA692717122000AAF38B /* stores */ = {
			isa = PBXGroup;
			children = (
				FC2BEA7F2717152200AAF38B /* UserStore.swift */,
			);
			path = stores;
			sourceTree = "<group>";
		};
		FC2BEA6A2717122500AAF38B /* components */ = {
			isa = PBXGroup;
			children = (
				FC2BEA8327171A0500AAF38B /* AppLoading.swift */,
				FC2BEA9927171EA100AAF38B /* AppButtonPrimary.swift */,
				FC2BEA9B27171EAB00AAF38B /* AppButtonSecondary.swift */,
				FC2BEA9D271725B800AAF38B /* AppTextFieldBase.swift */,
			);
			path = components;
			sourceTree = "<group>";
		};
		FC2BEA6C2717124900AAF38B /* views */ = {
			isa = PBXGroup;
			children = (
				FC2BEA6A2717122500AAF38B /* components */,
				FC2BEA8C27171B9700AAF38B /* screens */,
				FC2BEA8B27171B9100AAF38B /* navigations */,
			);
			path = views;
			sourceTree = "<group>";
		};
		FC2BEA8B27171B9100AAF38B /* navigations */ = {
			isa = PBXGroup;
			children = (
				FC2BEA8527171A1F00AAF38B /* AuthView.swift */,
				FC2BEA8727171A3900AAF38B /* TabView.swift */,
			);
			path = navigations;
			sourceTree = "<group>";
		};
		FC2BEA8C27171B9700AAF38B /* screens */ = {
			isa = PBXGroup;
			children = (
				FC2BEA9727171E4200AAF38B /* AuthHomeView.swift */,
				FC2BEA9327171E3500AAF38B /* AuthLoginView.swift */,
				FC2BEA9F27172C8B00AAF38B /* AuthLoginViewModel.swift */,
				FC2BEA9527171E3B00AAF38B /* AuthRegisterView.swift */,
				FC2BEAA127172C9500AAF38B /* AuthRegisterViewModel.swift */,
			);
			path = screens;
			sourceTree = "<group>";
		};
		FC2BEA8E27171BC300AAF38B /* utils */ = {
			isa = PBXGroup;
			children = (
				FC2BEA672717121000AAF38B /* networking */,
				FC2BEA662717120900AAF38B /* extensions */,
			);
			path = utils;
			sourceTree = "<group>";
		};
/* End PBXGroup section */

/* Begin PBXNativeTarget section */
		FC2BEA54271711C800AAF38B /* ihtisap-ios */ = {
			isa = PBXNativeTarget;
			buildConfigurationList = FC2BEA63271711CA00AAF38B /* Build configuration list for PBXNativeTarget "ihtisap-ios" */;
			buildPhases = (
				FC2BEA51271711C800AAF38B /* Sources */,
				FC2BEA52271711C800AAF38B /* Frameworks */,
				FC2BEA53271711C800AAF38B /* Resources */,
			);
			buildRules = (
			);
			dependencies = (
			);
			name = "ihtisap-ios";
			productName = "ihtisap-ios";
			productReference = FC2BEA55271711C800AAF38B /* ihtisap-ios.app */;
			productType = "com.apple.product-type.application";
		};
/* End PBXNativeTarget section */

/* Begin PBXProject section */
		FC2BEA4D271711C800AAF38B /* Project object */ = {
			isa = PBXProject;
			attributes = {
				BuildIndependentTargetsInParallel = 1;
				LastSwiftUpdateCheck = 1300;
				LastUpgradeCheck = 1300;
				TargetAttributes = {
					FC2BEA54271711C800AAF38B = {
						CreatedOnToolsVersion = 13.0;
					};
				};
			};
			buildConfigurationList = FC2BEA50271711C800AAF38B /* Build configuration list for PBXProject "ihtisap-ios" */;
			compatibilityVersion = "Xcode 13.0";
			developmentRegion = en;
			hasScannedForEncodings = 0;
			knownRegions = (
				en,
				Base,
			);
			mainGroup = FC2BEA4C271711C800AAF38B;
			productRefGroup = FC2BEA56271711C800AAF38B /* Products */;
			projectDirPath = "";
			projectRoot = "";
			targets = (
				FC2BEA54271711C800AAF38B /* ihtisap-ios */,
			);
		};
/* End PBXProject section */

/* Begin PBXResourcesBuildPhase section */
		FC2BEA53271711C800AAF38B /* Resources */ = {
			isa = PBXResourcesBuildPhase;
			buildActionMask = 2147483647;
			files = (
				FC2BEA60271711CA00AAF38B /* Preview Assets.xcassets in Resources */,
				FC2BEA5D271711CA00AAF38B /* Assets.xcassets in Resources */,
			);
			runOnlyForDeploymentPostprocessing = 0;
		};
/* End PBXResourcesBuildPhase section */

/* Begin PBXSourcesBuildPhase section */
		FC2BEA51271711C800AAF38B /* Sources */ = {
			isa = PBXSourcesBuildPhase;
			buildActionMask = 2147483647;
			files = (
				FC2BEA5B271711C800AAF38B /* ContentView.swift in Sources */,
				FC2BEA822717177400AAF38B /* UserAPIService.swift in Sources */,
				FC2BEA702717129200AAF38B /* Color+Ext.swift in Sources */,
				FC2BEAA027172C8B00AAF38B /* AuthLoginViewModel.swift in Sources */,
				FC2BEA9C27171EAB00AAF38B /* AppButtonSecondary.swift in Sources */,
				FC2BEA59271711C800AAF38B /* ihtisap_iosApp.swift in Sources */,
				FC2BEA722717129900AAF38B /* String+Ext.swift in Sources */,
				FC2BEA7C2717137400AAF38B /* Transaction.swift in Sources */,
				FC2BEA9A27171EA100AAF38B /* AppButtonPrimary.swift in Sources */,
				FC2BEA782717136800AAF38B /* User.swift in Sources */,
				FC2BEA9827171E4200AAF38B /* AuthHomeView.swift in Sources */,
				FC2BEA9E271725B800AAF38B /* AppTextFieldBase.swift in Sources */,
				FC2BEA9627171E3B00AAF38B /* AuthRegisterView.swift in Sources */,
				FC2BEA802717152200AAF38B /* UserStore.swift in Sources */,
				FC2BEA8427171A0500AAF38B /* AppLoading.swift in Sources */,
				FC2BEA7A2717136E00AAF38B /* Account.swift in Sources */,
				FC2BEA9427171E3500AAF38B /* AuthLoginView.swift in Sources */,
				FC2BEAA227172C9500AAF38B /* AuthRegisterViewModel.swift in Sources */,
				FC2BEA8827171A3900AAF38B /* TabView.swift in Sources */,
				FC2BEA742717132200AAF38B /* APIService.swift in Sources */,
				FC2BEA8627171A1F00AAF38B /* AuthView.swift in Sources */,
				FC2BEA7E2717137B00AAF38B /* Statistic.swift in Sources */,
				FC2BEA6E2717128C00AAF38B /* DateFormatter+Ext.swift in Sources */,
				FC2BEA762717134100AAF38B /* APIError.swift in Sources */,
			);
			runOnlyForDeploymentPostprocessing = 0;
		};
/* End PBXSourcesBuildPhase section */

/* Begin XCBuildConfiguration section */
		FC2BEA61271711CA00AAF38B /* Debug */ = {
			isa = XCBuildConfiguration;
			buildSettings = {
				ALWAYS_SEARCH_USER_PATHS = NO;
				CLANG_ANALYZER_NONNULL = YES;
				CLANG_ANALYZER_NUMBER_OBJECT_CONVERSION = YES_AGGRESSIVE;
				CLANG_CXX_LANGUAGE_STANDARD = "gnu++17";
				CLANG_CXX_LIBRARY = "libc++";
				CLANG_ENABLE_MODULES = YES;
				CLANG_ENABLE_OBJC_ARC = YES;
				CLANG_ENABLE_OBJC_WEAK = YES;
				CLANG_WARN_BLOCK_CAPTURE_AUTORELEASING = YES;
				CLANG_WARN_BOOL_CONVERSION = YES;
				CLANG_WARN_COMMA = YES;
				CLANG_WARN_CONSTANT_CONVERSION = YES;
				CLANG_WARN_DEPRECATED_OBJC_IMPLEMENTATIONS = YES;
				CLANG_WARN_DIRECT_OBJC_ISA_USAGE = YES_ERROR;
				CLANG_WARN_DOCUMENTATION_COMMENTS = YES;
				CLANG_WARN_EMPTY_BODY = YES;
				CLANG_WARN_ENUM_CONVERSION = YES;
				CLANG_WARN_INFINITE_RECURSION = YES;
				CLANG_WARN_INT_CONVERSION = YES;
				CLANG_WARN_NON_LITERAL_NULL_CONVERSION = YES;
				CLANG_WARN_OBJC_IMPLICIT_RETAIN_SELF = YES;
				CLANG_WARN_OBJC_LITERAL_CONVERSION = YES;
				CLANG_WARN_OBJC_ROOT_CLASS = YES_ERROR;
				CLANG_WARN_QUOTED_INCLUDE_IN_FRAMEWORK_HEADER = YES;
				CLANG_WARN_RANGE_LOOP_ANALYSIS = YES;
				CLANG_WARN_STRICT_PROTOTYPES = YES;
				CLANG_WARN_SUSPICIOUS_MOVE = YES;
				CLANG_WARN_UNGUARDED_AVAILABILITY = YES_AGGRESSIVE;
				CLANG_WARN_UNREACHABLE_CODE = YES;
				CLANG_WARN__DUPLICATE_METHOD_MATCH = YES;
				COPY_PHASE_STRIP = NO;
				DEBUG_INFORMATION_FORMAT = dwarf;
				ENABLE_STRICT_OBJC_MSGSEND = YES;
				ENABLE_TESTABILITY = YES;
				GCC_C_LANGUAGE_STANDARD = gnu11;
				GCC_DYNAMIC_NO_PIC = NO;
				GCC_NO_COMMON_BLOCKS = YES;
				GCC_OPTIMIZATION_LEVEL = 0;
				GCC_PREPROCESSOR_DEFINITIONS = (
					"DEBUG=1",
					"$(inherited)",
				);
				GCC_WARN_64_TO_32_BIT_CONVERSION = YES;
				GCC_WARN_ABOUT_RETURN_TYPE = YES_ERROR;
				GCC_WARN_UNDECLARED_SELECTOR = YES;
				GCC_WARN_UNINITIALIZED_AUTOS = YES_AGGRESSIVE;
				GCC_WARN_UNUSED_FUNCTION = YES;
				GCC_WARN_UNUSED_VARIABLE = YES;
				IPHONEOS_DEPLOYMENT_TARGET = 15.0;
				MTL_ENABLE_DEBUG_INFO = INCLUDE_SOURCE;
				MTL_FAST_MATH = YES;
				ONLY_ACTIVE_ARCH = YES;
				SDKROOT = iphoneos;
				SWIFT_ACTIVE_COMPILATION_CONDITIONS = DEBUG;
				SWIFT_OPTIMIZATION_LEVEL = "-Onone";
			};
			name = Debug;
		};
		FC2BEA62271711CA00AAF38B /* Release */ = {
			isa = XCBuildConfiguration;
			buildSettings = {
				ALWAYS_SEARCH_USER_PATHS = NO;
				CLANG_ANALYZER_NONNULL = YES;
				CLANG_ANALYZER_NUMBER_OBJECT_CONVERSION = YES_AGGRESSIVE;
				CLANG_CXX_LANGUAGE_STANDARD = "gnu++17";
				CLANG_CXX_LIBRARY = "libc++";
				CLANG_ENABLE_MODULES = YES;
				CLANG_ENABLE_OBJC_ARC = YES;
				CLANG_ENABLE_OBJC_WEAK = YES;
				CLANG_WARN_BLOCK_CAPTURE_AUTORELEASING = YES;
				CLANG_WARN_BOOL_CONVERSION = YES;
				CLANG_WARN_COMMA = YES;
				CLANG_WARN_CONSTANT_CONVERSION = YES;
				CLANG_WARN_DEPRECATED_OBJC_IMPLEMENTATIONS = YES;
				CLANG_WARN_DIRECT_OBJC_ISA_USAGE = YES_ERROR;
				CLANG_WARN_DOCUMENTATION_COMMENTS = YES;
				CLANG_WARN_EMPTY_BODY = YES;
				CLANG_WARN_ENUM_CONVERSION = YES;
				CLANG_WARN_INFINITE_RECURSION = YES;
				CLANG_WARN_INT_CONVERSION = YES;
				CLANG_WARN_NON_LITERAL_NULL_CONVERSION = YES;
				CLANG_WARN_OBJC_IMPLICIT_RETAIN_SELF = YES;
				CLANG_WARN_OBJC_LITERAL_CONVERSION = YES;
				CLANG_WARN_OBJC_ROOT_CLASS = YES_ERROR;
				CLANG_WARN_QUOTED_INCLUDE_IN_FRAMEWORK_HEADER = YES;
				CLANG_WARN_RANGE_LOOP_ANALYSIS = YES;
				CLANG_WARN_STRICT_PROTOTYPES = YES;
				CLANG_WARN_SUSPICIOUS_MOVE = YES;
				CLANG_WARN_UNGUARDED_AVAILABILITY = YES_AGGRESSIVE;
				CLANG_WARN_UNREACHABLE_CODE = YES;
				CLANG_WARN__DUPLICATE_METHOD_MATCH = YES;
				COPY_PHASE_STRIP = NO;
				DEBUG_INFORMATION_FORMAT = "dwarf-with-dsym";
				ENABLE_NS_ASSERTIONS = NO;
				ENABLE_STRICT_OBJC_MSGSEND = YES;
				GCC_C_LANGUAGE_STANDARD = gnu11;
				GCC_NO_COMMON_BLOCKS = YES;
				GCC_WARN_64_TO_32_BIT_CONVERSION = YES;
				GCC_WARN_ABOUT_RETURN_TYPE = YES_ERROR;
				GCC_WARN_UNDECLARED_SELECTOR = YES;
				GCC_WARN_UNINITIALIZED_AUTOS = YES_AGGRESSIVE;
				GCC_WARN_UNUSED_FUNCTION = YES;
				GCC_WARN_UNUSED_VARIABLE = YES;
				IPHONEOS_DEPLOYMENT_TARGET = 15.0;
				MTL_ENABLE_DEBUG_INFO = NO;
				MTL_FAST_MATH = YES;
				SDKROOT = iphoneos;
				SWIFT_COMPILATION_MODE = wholemodule;
				SWIFT_OPTIMIZATION_LEVEL = "-O";
				VALIDATE_PRODUCT = YES;
			};
			name = Release;
		};
		FC2BEA64271711CA00AAF38B /* Debug */ = {
			isa = XCBuildConfiguration;
			buildSettings = {
				ASSETCATALOG_COMPILER_APPICON_NAME = AppIcon;
				ASSETCATALOG_COMPILER_GLOBAL_ACCENT_COLOR_NAME = AccentColor;
				CODE_SIGN_STYLE = Automatic;
				CURRENT_PROJECT_VERSION = 1;
				DEVELOPMENT_ASSET_PATHS = "\"ihtisap-ios/Preview Content\"";
				DEVELOPMENT_TEAM = BM5Z47RTG9;
				ENABLE_PREVIEWS = YES;
				GENERATE_INFOPLIST_FILE = YES;
				INFOPLIST_KEY_UIApplicationSceneManifest_Generation = YES;
				INFOPLIST_KEY_UIApplicationSupportsIndirectInputEvents = YES;
				INFOPLIST_KEY_UILaunchScreen_Generation = YES;
				INFOPLIST_KEY_UISupportedInterfaceOrientations_iPad = "UIInterfaceOrientationPortrait UIInterfaceOrientationPortraitUpsideDown UIInterfaceOrientationLandscapeLeft UIInterfaceOrientationLandscapeRight";
				INFOPLIST_KEY_UISupportedInterfaceOrientations_iPhone = "UIInterfaceOrientationPortrait UIInterfaceOrientationLandscapeLeft UIInterfaceOrientationLandscapeRight";
				IPHONEOS_DEPLOYMENT_TARGET = 15.0;
				LD_RUNPATH_SEARCH_PATHS = (
					"$(inherited)",
					"@executable_path/Frameworks",
				);
				MARKETING_VERSION = 1.0;
				PRODUCT_BUNDLE_IDENTIFIER = "com.muaccel.ihtisap-ios";
				PRODUCT_NAME = "$(TARGET_NAME)";
				SWIFT_EMIT_LOC_STRINGS = YES;
				SWIFT_VERSION = 5.0;
				TARGETED_DEVICE_FAMILY = "1,2";
			};
			name = Debug;
		};
		FC2BEA65271711CA00AAF38B /* Release */ = {
			isa = XCBuildConfiguration;
			buildSettings = {
				ASSETCATALOG_COMPILER_APPICON_NAME = AppIcon;
				ASSETCATALOG_COMPILER_GLOBAL_ACCENT_COLOR_NAME = AccentColor;
				CODE_SIGN_STYLE = Automatic;
				CURRENT_PROJECT_VERSION = 1;
				DEVELOPMENT_ASSET_PATHS = "\"ihtisap-ios/Preview Content\"";
				DEVELOPMENT_TEAM = BM5Z47RTG9;
				ENABLE_PREVIEWS = YES;
				GENERATE_INFOPLIST_FILE = YES;
				INFOPLIST_KEY_UIApplicationSceneManifest_Generation = YES;
				INFOPLIST_KEY_UIApplicationSupportsIndirectInputEvents = YES;
				INFOPLIST_KEY_UILaunchScreen_Generation = YES;
				INFOPLIST_KEY_UISupportedInterfaceOrientations_iPad = "UIInterfaceOrientationPortrait UIInterfaceOrientationPortraitUpsideDown UIInterfaceOrientationLandscapeLeft UIInterfaceOrientationLandscapeRight";
				INFOPLIST_KEY_UISupportedInterfaceOrientations_iPhone = "UIInterfaceOrientationPortrait UIInterfaceOrientationLandscapeLeft UIInterfaceOrientationLandscapeRight";
				IPHONEOS_DEPLOYMENT_TARGET = 15.0;
				LD_RUNPATH_SEARCH_PATHS = (
					"$(inherited)",
					"@executable_path/Frameworks",
				);
				MARKETING_VERSION = 1.0;
				PRODUCT_BUNDLE_IDENTIFIER = "com.muaccel.ihtisap-ios";
				PRODUCT_NAME = "$(TARGET_NAME)";
				SWIFT_EMIT_LOC_STRINGS = YES;
				SWIFT_VERSION = 5.0;
				TARGETED_DEVICE_FAMILY = "1,2";
			};
			name = Release;
		};
/* End XCBuildConfiguration section */

/* Begin XCConfigurationList section */
		FC2BEA50271711C800AAF38B /* Build configuration list for PBXProject "ihtisap-ios" */ = {
			isa = XCConfigurationList;
			buildConfigurations = (
				FC2BEA61271711CA00AAF38B /* Debug */,
				FC2BEA62271711CA00AAF38B /* Release */,
			);
			defaultConfigurationIsVisible = 0;
			defaultConfigurationName = Release;
		};
		FC2BEA63271711CA00AAF38B /* Build configuration list for PBXNativeTarget "ihtisap-ios" */ = {
			isa = XCConfigurationList;
			buildConfigurations = (
				FC2BEA64271711CA00AAF38B /* Debug */,
				FC2BEA65271711CA00AAF38B /* Release */,
			);
			defaultConfigurationIsVisible = 0;
			defaultConfigurationName = Release;
		};
/* End XCConfigurationList section */
	};
	rootObject = FC2BEA4D271711C800AAF38B /* Project object */;
}
